// !$*UTF8*$!
{
	archiveVersion = 1;
	classes = {
	};
	objectVersion = 48;
	objects = {

/* Begin PBXBuildFile section */
		555BC63021C3402500D8A8BD /* AppDelegate.swift in Sources */ = {isa = PBXBuildFile; fileRef = 555BC62F21C3402500D8A8BD /* AppDelegate.swift */; };
		555BC63221C3402500D8A8BD /* ViewController.swift in Sources */ = {isa = PBXBuildFile; fileRef = 555BC63121C3402500D8A8BD /* ViewController.swift */; };
		555BC63521C3402500D8A8BD /* Main.storyboard in Resources */ = {isa = PBXBuildFile; fileRef = 555BC63321C3402500D8A8BD /* Main.storyboard */; };
		555BC63821C3402500D8A8BD /* BMICalculatorswiftcode.xcdatamodeld in Sources */ = {isa = PBXBuildFile; fileRef = 555BC63621C3402500D8A8BD /* BMICalculatorswiftcode.xcdatamodeld */; };
		555BC63A21C3402500D8A8BD /* Assets.xcassets in Resources */ = {isa = PBXBuildFile; fileRef = 555BC63921C3402500D8A8BD /* Assets.xcassets */; };
		555BC63D21C3402500D8A8BD /* LaunchScreen.storyboard in Resources */ = {isa = PBXBuildFile; fileRef = 555BC63B21C3402500D8A8BD /* LaunchScreen.storyboard */; };
/* End PBXBuildFile section */

/* Begin PBXFileReference section */
		555BC62C21C3402500D8A8BD /* BMICalculatorswiftcode.app */ = {isa = PBXFileReference; explicitFileType = wrapper.application; includeInIndex = 0; path = BMICalculatorswiftcode.app; sourceTree = BUILT_PRODUCTS_DIR; };
		555BC62F21C3402500D8A8BD /* AppDelegate.swift */ = {isa = PBXFileReference; lastKnownFileType = sourcecode.swift; path = AppDelegate.swift; sourceTree = "<group>"; };
		555BC63121C3402500D8A8BD /* ViewController.swift */ = {isa = PBXFileReference; lastKnownFileType = sourcecode.swift; path = ViewController.swift; sourceTree = "<group>"; };
		555BC63421C3402500D8A8BD /* Base */ = {isa = PBXFileReference; lastKnownFileType = file.storyboard; name = Base; path = Base.lproj/Main.storyboard; sourceTree = "<group>"; };
		555BC63721C3402500D8A8BD /* BMICalculatorswiftcode.xcdatamodel */ = {isa = PBXFileReference; lastKnownFileType = wrapper.xcdatamodel; path = BMICalculatorswiftcode.xcdatamodel; sourceTree = "<group>"; };
		555BC63921C3402500D8A8BD /* Assets.xcassets */ = {isa = PBXFileReference; lastKnownFileType = folder.assetcatalog; path = Assets.xcassets; sourceTree = "<group>"; };
		555BC63C21C3402500D8A8BD /* Base */ = {isa = PBXFileReference; lastKnownFileType = file.storyboard; name = Base; path = Base.lproj/LaunchScreen.storyboard; sourceTree = "<group>"; };
		555BC63E21C3402500D8A8BD /* Info.plist */ = {isa = PBXFileReference; lastKnownFileType = text.plist.xml; path = Info.plist; sourceTree = "<group>"; };
/* End PBXFileReference section */

/* Begin PBXFrameworksBuildPhase section */
		555BC62921C3402500D8A8BD /* Frameworks */ = {
			isa = PBXFrameworksBuildPhase;
			buildActionMask = 2147483647;
			files = (
			);
			runOnlyForDeploymentPostprocessing = 0;
		};
/* End PBXFrameworksBuildPhase section */

/* Begin PBXGroup section */
		555BC62321C3402500D8A8BD = {
			isa = PBXGroup;
			children = (
				555BC62E21C3402500D8A8BD /* BMICalculatorswiftcode */,
				555BC62D21C3402500D8A8BD /* Products */,
			);
			sourceTree = "<group>";
		};
		555BC62D21C3402500D8A8BD /* Products */ = {
			isa = PBXGroup;
			children = (
				555BC62C21C3402500D8A8BD /* BMICalculatorswiftcode.app */,
			);
			name = Products;
			sourceTree = "<group>";
		};
		555BC62E21C3402500D8A8BD /* BMICalculatorswiftcode */ = {
			isa = PBXGroup;
			children = (
				555BC62F21C3402500D8A8BD /* AppDelegate.swift */,
				555BC63121C3402500D8A8BD /* ViewController.swift */,
				555BC63321C3402500D8A8BD /* Main.storyboard */,
				555BC63921C3402500D8A8BD /* Assets.xcassets */,
				555BC63B21C3402500D8A8BD /* LaunchScreen.storyboard */,
				555BC63E21C3402500D8A8BD /* Info.plist */,
				555BC63621C3402500D8A8BD /* BMICalculatorswiftcode.xcdatamodeld */,
			);
			path = BMICalculatorswiftcode;
			sourceTree = "<group>";
		};
/* End PBXGroup section */

/* Begin PBXNativeTarget section */
		555BC62B21C3402500D8A8BD /* BMICalculatorswiftcode */ = {
			isa = PBXNativeTarget;
			buildConfigurationList = 555BC64121C3402500D8A8BD /* Build configuration list for PBXNativeTarget "BMICalculatorswiftcode" */;
			buildPhases = (
				555BC62821C3402500D8A8BD /* Sources */,
				555BC62921C3402500D8A8BD /* Frameworks */,
				555BC62A21C3402500D8A8BD /* Resources */,
			);
			buildRules = (
			);
			dependencies = (
			);
			name = BMICalculatorswiftcode;
			productName = BMICalculatorswiftcode;
			productReference = 555BC62C21C3402500D8A8BD /* BMICalculatorswiftcode.app */;
			productType = "com.apple.product-type.application";
		};
/* End PBXNativeTarget section */

/* Begin PBXProject section */
		555BC62421C3402500D8A8BD /* Project object */ = {
			isa = PBXProject;
			attributes = {
				LastSwiftUpdateCheck = 0900;
				LastUpgradeCheck = 0900;
				ORGANIZATIONNAME = "Venkatesh K";
				TargetAttributes = {
					555BC62B21C3402500D8A8BD = {
						CreatedOnToolsVersion = 9.0;
						ProvisioningStyle = Automatic;
					};
				};
			};
			buildConfigurationList = 555BC62721C3402500D8A8BD /* Build configuration list for PBXProject "BMICalculatorswiftcode" */;
			compatibilityVersion = "Xcode 8.0";
			developmentRegion = en;
			hasScannedForEncodings = 0;
			knownRegions = (
				en,
				Base,
			);
			mainGroup = 555BC62321C3402500D8A8BD;
			productRefGroup = 555BC62D21C3402500D8A8BD /* Products */;
			projectDirPath = "";
			projectRoot = "";
			targets = (
				555BC62B21C3402500D8A8BD /* BMICalculatorswiftcode */,
			);
		};
/* End PBXProject section */

/* Begin PBXResourcesBuildPhase section */
		555BC62A21C3402500D8A8BD /* Resources */ = {
			isa = PBXResourcesBuildPhase;
			buildActionMask = 2147483647;
			files = (
				555BC63D21C3402500D8A8BD /* LaunchScreen.storyboard in Resources */,
				555BC63A21C3402500D8A8BD /* Assets.xcassets in Resources */,
				555BC63521C3402500D8A8BD /* Main.storyboard in Resources */,
			);
			runOnlyForDeploymentPostprocessing = 0;
		};
/* End PBXResourcesBuildPhase section */

/* Begin PBXSourcesBuildPhase section */
		555BC62821C3402500D8A8BD /* Sources */ = {
			isa = PBXSourcesBuildPhase;
			buildActionMask = 2147483647;
			files = (
				555BC63221C3402500D8A8BD /* ViewController.swift in Sources */,
				555BC63021C3402500D8A8BD /* AppDelegate.swift in Sources */,
				555BC63821C3402500D8A8BD /* BMICalculatorswiftcode.xcdatamodeld in Sources */,
			);
			runOnlyForDeploymentPostprocessing = 0;
		};
/* End PBXSourcesBuildPhase section */

/* Begin PBXVariantGroup section */
		555BC63321C3402500D8A8BD /* Main.storyboard */ = {
			isa = PBXVariantGroup;
			children = (
				555BC63421C3402500D8A8BD /* Base */,
			);
			name = Main.storyboard;
			sourceTree = "<group>";
		};
		555BC63B21C3402500D8A8BD /* LaunchScreen.storyboard */ = {
			isa = PBXVariantGroup;
			children = (
				555BC63C21C3402500D8A8BD /* Base */,
			);
			name = LaunchScreen.storyboard;
			sourceTree = "<group>";
		};
/* End PBXVariantGroup section */

/* Begin XCBuildConfiguration section */
		555BC63F21C3402500D8A8BD /* Debug */ = {
			isa = XCBuildConfiguration;
			buildSettings = {
				ALWAYS_SEARCH_USER_PATHS = NO;
				CLANG_ANALYZER_NONNULL = YES;
				CLANG_ANALYZER_NUMBER_OBJECT_CONVERSION = YES_AGGRESSIVE;
				CLANG_CXX_LANGUAGE_STANDARD = "gnu++14";
				CLANG_CXX_LIBRARY = "libc++";
				CLANG_ENABLE_MODULES = YES;
				CLANG_ENABLE_OBJC_ARC = YES;
				CLANG_WARN_BLOCK_CAPTURE_AUTORELEASING = YES;
				CLANG_WARN_BOOL_CONVERSION = YES;
				CLANG_WARN_COMMA = YES;
				CLANG_WARN_CONSTANT_CONVERSION = YES;
				CLANG_WARN_DIRECT_OBJC_ISA_USAGE = YES_ERROR;
				CLANG_WARN_DOCUMENTATION_COMMENTS = YES;
				CLANG_WARN_EMPTY_BODY = YES;
				CLANG_WARN_ENUM_CONVERSION = YES;
				CLANG_WARN_INFINITE_RECURSION = YES;
				CLANG_WARN_INT_CONVERSION = YES;
				CLANG_WARN_NON_LITERAL_NULL_CONVERSION = YES;
				CLANG_WARN_OBJC_LITERAL_CONVERSION = YES;
				CLANG_WARN_OBJC_ROOT_CLASS = YES_ERROR;
				CLANG_WARN_RANGE_LOOP_ANALYSIS = YES;
				CLANG_WARN_STRICT_PROTOTYPES = YES;
				CLANG_WARN_SUSPICIOUS_MOVE = YES;
				CLANG_WARN_UNGUARDED_AVAILABILITY = YES_AGGRESSIVE;
				CLANG_WARN_UNREACHABLE_CODE = YES;
				CLANG_WARN__DUPLICATE_METHOD_MATCH = YES;
				CODE_SIGN_IDENTITY = "iPhone Developer";
				COPY_PHASE_STRIP = NO;
				DEBUG_INFORMATION_FORMAT = dwarf;
				ENABLE_STRICT_OBJC_MSGSEND = YES;
				ENABLE_TESTABILITY = YES;
				GCC_C_LANGUAGE_STANDARD = gnu11;
				GCC_DYNAMIC_NO_PIC = NO;
				GCC_NO_COMMON_BLOCKS = YES;
				GCC_OPTIMIZATION_LEVEL = 0;
				GCC_PREPROCESSOR_DEFINITIONS = (
					"DEBUG=1",
					"$(inherited)",
				);
				GCC_WARN_64_TO_32_BIT_CONVERSION = YES;
				GCC_WARN_ABOUT_RETURN_TYPE = YES_ERROR;
				GCC_WARN_UNDECLARED_SELECTOR = YES;
				GCC_WARN_UNINITIALIZED_AUTOS = YES_AGGRESSIVE;
				GCC_WARN_UNUSED_FUNCTION = YES;
				GCC_WARN_UNUSED_VARIABLE = YES;
				IPHONEOS_DEPLOYMENT_TARGET = 11.0;
				MTL_ENABLE_DEBUG_INFO = YES;
				ONLY_ACTIVE_ARCH = YES;
				SDKROOT = iphoneos;
				SWIFT_ACTIVE_COMPILATION_CONDITIONS = DEBUG;
				SWIFT_OPTIMIZATION_LEVEL = "-Onone";
			};
			name = Debug;
		};
		555BC64021C3402500D8A8BD /* Release */ = {
			isa = XCBuildConfiguration;
			buildSettings = {
				ALWAYS_SEARCH_USER_PATHS = NO;
				CLANG_ANALYZER_NONNULL = YES;
				CLANG_ANALYZER_NUMBER_OBJECT_CONVERSION = YES_AGGRESSIVE;
				CLANG_CXX_LANGUAGE_STANDARD = "gnu++14";
				CLANG_CXX_LIBRARY = "libc++";
				CLANG_ENABLE_MODULES = YES;
				CLANG_ENABLE_OBJC_ARC = YES;
				CLANG_WARN_BLOCK_CAPTURE_AUTORELEASING = YES;
				CLANG_WARN_BOOL_CONVERSION = YES;
				CLANG_WARN_COMMA = YES;
				CLANG_WARN_CONSTANT_CONVERSION = YES;
				CLANG_WARN_DIRECT_OBJC_ISA_USAGE = YES_ERROR;
				CLANG_WARN_DOCUMENTATION_COMMENTS = YES;
				CLANG_WARN_EMPTY_BODY = YES;
				CLANG_WARN_ENUM_CONVERSION = YES;
				CLANG_WARN_INFINITE_RECURSION = YES;
				CLANG_WARN_INT_CONVERSION = YES;
				CLANG_WARN_NON_LITERAL_NULL_CONVERSION = YES;
				CLANG_WARN_OBJC_LITERAL_CONVERSION = YES;
				CLANG_WARN_OBJC_ROOT_CLASS = YES_ERROR;
				CLANG_WARN_RANGE_LOOP_ANALYSIS = YES;
				CLANG_WARN_STRICT_PROTOTYPES = YES;
				CLANG_WARN_SUSPICIOUS_MOVE = YES;
				CLANG_WARN_UNGUARDED_AVAILABILITY = YES_AGGRESSIVE;
				CLANG_WARN_UNREACHABLE_CODE = YES;
				CLANG_WARN__DUPLICATE_METHOD_MATCH = YES;
				CODE_SIGN_IDENTITY = "iPhone Developer";
				COPY_PHASE_STRIP = NO;
				DEBUG_INFORMATION_FORMAT = "dwarf-with-dsym";
				ENABLE_NS_ASSERTIONS = NO;
				ENABLE_STRICT_OBJC_MSGSEND = YES;
				GCC_C_LANGUAGE_STANDARD = gnu11;
				GCC_NO_COMMON_BLOCKS = YES;
				GCC_WARN_64_TO_32_BIT_CONVERSION = YES;
				GCC_WARN_ABOUT_RETURN_TYPE = YES_ERROR;
				GCC_WARN_UNDECLARED_SELECTOR = YES;
				GCC_WARN_UNINITIALIZED_AUTOS = YES_AGGRESSIVE;
				GCC_WARN_UNUSED_FUNCTION = YES;
				GCC_WARN_UNUSED_VARIABLE = YES;
				IPHONEOS_DEPLOYMENT_TARGET = 11.0;
				MTL_ENABLE_DEBUG_INFO = NO;
				SDKROOT = iphoneos;
				SWIFT_OPTIMIZATION_LEVEL = "-Owholemodule";
				VALIDATE_PRODUCT = YES;
			};
			name = Release;
		};
		555BC64221C3402500D8A8BD /* Debug */ = {
			isa = XCBuildConfiguration;
			buildSettings = {
				ASSETCATALOG_COMPILER_APPICON_NAME = AppIcon;
				CODE_SIGN_STYLE = Automatic;
				DEVELOPMENT_TEAM = 2BULHRS882;
				INFOPLIST_FILE = BMICalculatorswiftcode/Info.plist;
				LD_RUNPATH_SEARCH_PATHS = "$(inherited) @executable_path/Frameworks";
				PRODUCT_BUNDLE_IDENTIFIER = qwerty.BMICalculatorswiftcode;
				PRODUCT_NAME = "$(TARGET_NAME)";
				SWIFT_VERSION = 4.0;
				TARGETED_DEVICE_FAMILY = "1,2";
			};
			name = Debug;
		};
		555BC64321C3402500D8A8BD /* Release */ = {
			isa = XCBuildConfiguration;
			buildSettings = {
				ASSETCATALOG_COMPILER_APPICON_NAME = AppIcon;
				CODE_SIGN_STYLE = Automatic;
				DEVELOPMENT_TEAM = 2BULHRS882;
				INFOPLIST_FILE = BMICalculatorswiftcode/Info.plist;
				LD_RUNPATH_SEARCH_PATHS = "$(inherited) @executable_path/Frameworks";
				PRODUCT_BUNDLE_IDENTIFIER = qwerty.BMICalculatorswiftcode;
				PRODUCT_NAME = "$(TARGET_NAME)";
				SWIFT_VERSION = 4.0;
				TARGETED_DEVICE_FAMILY = "1,2";
			};
			name = Release;
		};
/* End XCBuildConfiguration section */

/* Begin XCConfigurationList section */
		555BC62721C3402500D8A8BD /* Build configuration list for PBXProject "BMICalculatorswiftcode" */ = {
			isa = XCConfigurationList;
			buildConfigurations = (
				555BC63F21C3402500D8A8BD /* Debug */,
				555BC64021C3402500D8A8BD /* Release */,
			);
			defaultConfigurationIsVisible = 0;
			defaultConfigurationName = Release;
		};
		555BC64121C3402500D8A8BD /* Build configuration list for PBXNativeTarget "BMICalculatorswiftcode" */ = {
			isa = XCConfigurationList;
			buildConfigurations = (
				555BC64221C3402500D8A8BD /* Debug */,
				555BC64321C3402500D8A8BD /* Release */,
			);
			defaultConfigurationIsVisible = 0;
			defaultConfigurationName = Release;
		};
/* End XCConfigurationList section */

/* Begin XCVersionGroup section */
		555BC63621C3402500D8A8BD /* BMICalculatorswiftcode.xcdatamodeld */ = {
			isa = XCVersionGroup;
			children = (
				555BC63721C3402500D8A8BD /* BMICalculatorswiftcode.xcdatamodel */,
			);
			currentVersion = 555BC63721C3402500D8A8BD /* BMICalculatorswiftcode.xcdatamodel */;
			path = BMICalculatorswiftcode.xcdatamodeld;
			sourceTree = "<group>";
			versionGroupType = wrapper.xcdatamodel;
		};
/* End XCVersionGroup section */
	};
	rootObject = 555BC62421C3402500D8A8BD /* Project object */;
}
